// !$*UTF8*$!
{
	archiveVersion = 1;
	classes = {
	};
	objectVersion = 46;
	objects = {

/* Begin PBXBuildFile section */
		7A23BA1A1D0C81D100E0FDDA /* tiger.png in Resources */ = {isa = PBXBuildFile; fileRef = 7A23BA191D0C81D100E0FDDA /* tiger.png */; };
		7A5AA78E1D01CE1C00558D26 /* LinkedListStack.m in Sources */ = {isa = PBXBuildFile; fileRef = 7A5AA78A1D01CE1C00558D26 /* LinkedListStack.m */; };
		7A5AA78F1D01CE1C00558D26 /* UIImage+FloodFill.m in Sources */ = {isa = PBXBuildFile; fileRef = 7A5AA78C1D01CE1C00558D26 /* UIImage+FloodFill.m */; };
		7A5AA7951D01E37E00558D26 /* Main.storyboard in Resources */ = {isa = PBXBuildFile; fileRef = 7A5AA7941D01E37E00558D26 /* Main.storyboard */; };
		7A5AA7971D02183100558D26 /* UIColor.swift in Sources */ = {isa = PBXBuildFile; fileRef = 7A5AA7961D02183100558D26 /* UIColor.swift */; };
		7A5AA79D1D02F1FD00558D26 /* ColorCollectionViewCell.swift in Sources */ = {isa = PBXBuildFile; fileRef = 7A5AA79C1D02F1FD00558D26 /* ColorCollectionViewCell.swift */; };
		7A7973D01D0372D60055BFE2 /* FloodFillingImageView.swift in Sources */ = {isa = PBXBuildFile; fileRef = 7A7973CF1D0372D60055BFE2 /* FloodFillingImageView.swift */; };
		7A9F5A791D05C9DF00013425 /* butterfly.png in Resources */ = {isa = PBXBuildFile; fileRef = 7A9F5A751D05C9DF00013425 /* butterfly.png */; };
		7A9F5A7A1D05C9DF00013425 /* mandala.png in Resources */ = {isa = PBXBuildFile; fileRef = 7A9F5A761D05C9DF00013425 /* mandala.png */; };
		7A9F5A7B1D05C9DF00013425 /* owl.png in Resources */ = {isa = PBXBuildFile; fileRef = 7A9F5A771D05C9DF00013425 /* owl.png */; };
		7ABE61531D01ACD5009D9F01 /* AppDelegate.swift in Sources */ = {isa = PBXBuildFile; fileRef = 7ABE61521D01ACD5009D9F01 /* AppDelegate.swift */; };
		7ABE61551D01ACD5009D9F01 /* ViewController.swift in Sources */ = {isa = PBXBuildFile; fileRef = 7ABE61541D01ACD5009D9F01 /* ViewController.swift */; };
		7ABE615B1D01ACD5009D9F01 /* colorbook.xcdatamodeld in Sources */ = {isa = PBXBuildFile; fileRef = 7ABE61591D01ACD5009D9F01 /* colorbook.xcdatamodeld */; };
		7ABE615D1D01ACD5009D9F01 /* Assets.xcassets in Resources */ = {isa = PBXBuildFile; fileRef = 7ABE615C1D01ACD5009D9F01 /* Assets.xcassets */; };
		7ABE61601D01ACD5009D9F01 /* LaunchScreen.storyboard in Resources */ = {isa = PBXBuildFile; fileRef = 7ABE615E1D01ACD5009D9F01 /* LaunchScreen.storyboard */; };
		7ABE616B1D01ACD5009D9F01 /* colorbookTests.swift in Sources */ = {isa = PBXBuildFile; fileRef = 7ABE616A1D01ACD5009D9F01 /* colorbookTests.swift */; };
		7ABE61761D01ACD5009D9F01 /* colorbookUITests.swift in Sources */ = {isa = PBXBuildFile; fileRef = 7ABE61751D01ACD5009D9F01 /* colorbookUITests.swift */; };
		814F1219B5F7F3D5AD0D0B6E /* Pods_colorbookUITests.framework in Frameworks */ = {isa = PBXBuildFile; fileRef = D4B9E4EDDBCDE4BF60E9F512 /* Pods_colorbookUITests.framework */; };
		CAC4F2CD48590811DC0D37C2 /* Pods_colorbook.framework in Frameworks */ = {isa = PBXBuildFile; fileRef = DF0EEA8694B63B6E08773BB3 /* Pods_colorbook.framework */; };
		D2CE18CE2E62C0E126C381DF /* Pods_colorbookTests.framework in Frameworks */ = {isa = PBXBuildFile; fileRef = 9C5D21D80131071B6B772882 /* Pods_colorbookTests.framework */; };
/* End PBXBuildFile section */

/* Begin PBXContainerItemProxy section */
		7ABE61671D01ACD5009D9F01 /* PBXContainerItemProxy */ = {
			isa = PBXContainerItemProxy;
			containerPortal = 7ABE61471D01ACD5009D9F01 /* Project object */;
			proxyType = 1;
			remoteGlobalIDString = 7ABE614E1D01ACD5009D9F01;
			remoteInfo = colorbook;
		};
		7ABE61721D01ACD5009D9F01 /* PBXContainerItemProxy */ = {
			isa = PBXContainerItemProxy;
			containerPortal = 7ABE61471D01ACD5009D9F01 /* Project object */;
			proxyType = 1;
			remoteGlobalIDString = 7ABE614E1D01ACD5009D9F01;
			remoteInfo = colorbook;
		};
/* End PBXContainerItemProxy section */

/* Begin PBXFileReference section */
		0A694CEF34E67FEEA4E8B7CA /* Pods-colorbook.debug.xcconfig */ = {isa = PBXFileReference; includeInIndex = 1; lastKnownFileType = text.xcconfig; name = "Pods-colorbook.debug.xcconfig"; path = "Pods/Target Support Files/Pods-colorbook/Pods-colorbook.debug.xcconfig"; sourceTree = "<group>"; };
		0E57713B71CDBDEDFB42064E /* Pods-colorbookUITests.debug.xcconfig */ = {isa = PBXFileReference; includeInIndex = 1; lastKnownFileType = text.xcconfig; name = "Pods-colorbookUITests.debug.xcconfig"; path = "Pods/Target Support Files/Pods-colorbookUITests/Pods-colorbookUITests.debug.xcconfig"; sourceTree = "<group>"; };
		1C5F6E6AC214DFD84985386E /* Pods-colorbookUITests.release.xcconfig */ = {isa = PBXFileReference; includeInIndex = 1; lastKnownFileType = text.xcconfig; name = "Pods-colorbookUITests.release.xcconfig"; path = "Pods/Target Support Files/Pods-colorbookUITests/Pods-colorbookUITests.release.xcconfig"; sourceTree = "<group>"; };
		6DEA9DDCB8B408DD530FC60C /* Pods-colorbook.release.xcconfig */ = {isa = PBXFileReference; includeInIndex = 1; lastKnownFileType = text.xcconfig; name = "Pods-colorbook.release.xcconfig"; path = "Pods/Target Support Files/Pods-colorbook/Pods-colorbook.release.xcconfig"; sourceTree = "<group>"; };
		7A23BA191D0C81D100E0FDDA /* tiger.png */ = {isa = PBXFileReference; lastKnownFileType = image.png; path = tiger.png; sourceTree = "<group>"; };
		7A5AA7891D01CE1C00558D26 /* LinkedListStack.h */ = {isa = PBXFileReference; fileEncoding = 4; lastKnownFileType = sourcecode.c.h; path = LinkedListStack.h; sourceTree = "<group>"; };
		7A5AA78A1D01CE1C00558D26 /* LinkedListStack.m */ = {isa = PBXFileReference; fileEncoding = 4; lastKnownFileType = sourcecode.c.objc; path = LinkedListStack.m; sourceTree = "<group>"; };
		7A5AA78B1D01CE1C00558D26 /* UIImage+FloodFill.h */ = {isa = PBXFileReference; fileEncoding = 4; lastKnownFileType = sourcecode.c.h; path = "UIImage+FloodFill.h"; sourceTree = "<group>"; };
		7A5AA78C1D01CE1C00558D26 /* UIImage+FloodFill.m */ = {isa = PBXFileReference; fileEncoding = 4; lastKnownFileType = sourcecode.c.objc; path = "UIImage+FloodFill.m"; sourceTree = "<group>"; };
		7A5AA7901D01CE8700558D26 /* BridgeHeader.h */ = {isa = PBXFileReference; fileEncoding = 4; lastKnownFileType = sourcecode.c.h; path = BridgeHeader.h; sourceTree = "<group>"; };
		7A5AA7941D01E37E00558D26 /* Main.storyboard */ = {isa = PBXFileReference; fileEncoding = 4; lastKnownFileType = file.storyboard; path = Main.storyboard; sourceTree = "<group>"; };
		7A5AA7961D02183100558D26 /* UIColor.swift */ = {isa = PBXFileReference; fileEncoding = 4; lastKnownFileType = sourcecode.swift; path = UIColor.swift; sourceTree = "<group>"; };
		7A5AA79C1D02F1FD00558D26 /* ColorCollectionViewCell.swift */ = {isa = PBXFileReference; fileEncoding = 4; lastKnownFileType = sourcecode.swift; path = ColorCollectionViewCell.swift; sourceTree = "<group>"; };
		7A7973CF1D0372D60055BFE2 /* FloodFillingImageView.swift */ = {isa = PBXFileReference; fileEncoding = 4; lastKnownFileType = sourcecode.swift; path = FloodFillingImageView.swift; sourceTree = "<group>"; };
		7A9F5A751D05C9DF00013425 /* butterfly.png */ = {isa = PBXFileReference; lastKnownFileType = image.png; path = butterfly.png; sourceTree = "<group>"; };
		7A9F5A761D05C9DF00013425 /* mandala.png */ = {isa = PBXFileReference; lastKnownFileType = image.png; path = mandala.png; sourceTree = "<group>"; };
		7A9F5A771D05C9DF00013425 /* owl.png */ = {isa = PBXFileReference; lastKnownFileType = image.png; path = owl.png; sourceTree = "<group>"; };
		7ABE614F1D01ACD5009D9F01 /* colorbook.app */ = {isa = PBXFileReference; explicitFileType = wrapper.application; includeInIndex = 0; path = colorbook.app; sourceTree = BUILT_PRODUCTS_DIR; };
		7ABE61521D01ACD5009D9F01 /* AppDelegate.swift */ = {isa = PBXFileReference; lastKnownFileType = sourcecode.swift; path = AppDelegate.swift; sourceTree = "<group>"; };
		7ABE61541D01ACD5009D9F01 /* ViewController.swift */ = {isa = PBXFileReference; lastKnownFileType = sourcecode.swift; path = ViewController.swift; sourceTree = "<group>"; };
		7ABE615A1D01ACD5009D9F01 /* colorbook.xcdatamodel */ = {isa = PBXFileReference; lastKnownFileType = wrapper.xcdatamodel; path = colorbook.xcdatamodel; sourceTree = "<group>"; };
		7ABE615C1D01ACD5009D9F01 /* Assets.xcassets */ = {isa = PBXFileReference; lastKnownFileType = folder.assetcatalog; path = Assets.xcassets; sourceTree = "<group>"; };
		7ABE615F1D01ACD5009D9F01 /* Base */ = {isa = PBXFileReference; lastKnownFileType = file.storyboard; name = Base; path = Base.lproj/LaunchScreen.storyboard; sourceTree = "<group>"; };
		7ABE61611D01ACD5009D9F01 /* Info.plist */ = {isa = PBXFileReference; lastKnownFileType = text.plist.xml; path = Info.plist; sourceTree = "<group>"; };
		7ABE61661D01ACD5009D9F01 /* colorbookTests.xctest */ = {isa = PBXFileReference; explicitFileType = wrapper.cfbundle; includeInIndex = 0; path = colorbookTests.xctest; sourceTree = BUILT_PRODUCTS_DIR; };
		7ABE616A1D01ACD5009D9F01 /* colorbookTests.swift */ = {isa = PBXFileReference; lastKnownFileType = sourcecode.swift; path = colorbookTests.swift; sourceTree = "<group>"; };
		7ABE616C1D01ACD5009D9F01 /* Info.plist */ = {isa = PBXFileReference; lastKnownFileType = text.plist.xml; path = Info.plist; sourceTree = "<group>"; };
		7ABE61711D01ACD5009D9F01 /* colorbookUITests.xctest */ = {isa = PBXFileReference; explicitFileType = wrapper.cfbundle; includeInIndex = 0; path = colorbookUITests.xctest; sourceTree = BUILT_PRODUCTS_DIR; };
		7ABE61751D01ACD5009D9F01 /* colorbookUITests.swift */ = {isa = PBXFileReference; lastKnownFileType = sourcecode.swift; path = colorbookUITests.swift; sourceTree = "<group>"; };
		7ABE61771D01ACD5009D9F01 /* Info.plist */ = {isa = PBXFileReference; lastKnownFileType = text.plist.xml; path = Info.plist; sourceTree = "<group>"; };
		9C5D21D80131071B6B772882 /* Pods_colorbookTests.framework */ = {isa = PBXFileReference; explicitFileType = wrapper.framework; includeInIndex = 0; path = Pods_colorbookTests.framework; sourceTree = BUILT_PRODUCTS_DIR; };
		D4B9E4EDDBCDE4BF60E9F512 /* Pods_colorbookUITests.framework */ = {isa = PBXFileReference; explicitFileType = wrapper.framework; includeInIndex = 0; path = Pods_colorbookUITests.framework; sourceTree = BUILT_PRODUCTS_DIR; };
		DB3AB8C27E2895F296355E3F /* Pods-colorbookTests.release.xcconfig */ = {isa = PBXFileReference; includeInIndex = 1; lastKnownFileType = text.xcconfig; name = "Pods-colorbookTests.release.xcconfig"; path = "Pods/Target Support Files/Pods-colorbookTests/Pods-colorbookTests.release.xcconfig"; sourceTree = "<group>"; };
		DF0EEA8694B63B6E08773BB3 /* Pods_colorbook.framework */ = {isa = PBXFileReference; explicitFileType = wrapper.framework; includeInIndex = 0; path = Pods_colorbook.framework; sourceTree = BUILT_PRODUCTS_DIR; };
		F412F69E24A183090F38198C /* Pods-colorbookTests.debug.xcconfig */ = {isa = PBXFileReference; includeInIndex = 1; lastKnownFileType = text.xcconfig; name = "Pods-colorbookTests.debug.xcconfig"; path = "Pods/Target Support Files/Pods-colorbookTests/Pods-colorbookTests.debug.xcconfig"; sourceTree = "<group>"; };
/* End PBXFileReference section */

/* Begin PBXFrameworksBuildPhase section */
		7ABE614C1D01ACD5009D9F01 /* Frameworks */ = {
			isa = PBXFrameworksBuildPhase;
			buildActionMask = 2147483647;
			files = (
				CAC4F2CD48590811DC0D37C2 /* Pods_colorbook.framework in Frameworks */,
			);
			runOnlyForDeploymentPostprocessing = 0;
		};
		7ABE61631D01ACD5009D9F01 /* Frameworks */ = {
			isa = PBXFrameworksBuildPhase;
			buildActionMask = 2147483647;
			files = (
				D2CE18CE2E62C0E126C381DF /* Pods_colorbookTests.framework in Frameworks */,
			);
			runOnlyForDeploymentPostprocessing = 0;
		};
		7ABE616E1D01ACD5009D9F01 /* Frameworks */ = {
			isa = PBXFrameworksBuildPhase;
			buildActionMask = 2147483647;
			files = (
				814F1219B5F7F3D5AD0D0B6E /* Pods_colorbookUITests.framework in Frameworks */,
			);
			runOnlyForDeploymentPostprocessing = 0;
		};
/* End PBXFrameworksBuildPhase section */

/* Begin PBXGroup section */
		5F2D75015C1D4D3FF7363291 /* Pods */ = {
			isa = PBXGroup;
			children = (
				0A694CEF34E67FEEA4E8B7CA /* Pods-colorbook.debug.xcconfig */,
				6DEA9DDCB8B408DD530FC60C /* Pods-colorbook.release.xcconfig */,
				F412F69E24A183090F38198C /* Pods-colorbookTests.debug.xcconfig */,
				DB3AB8C27E2895F296355E3F /* Pods-colorbookTests.release.xcconfig */,
				0E57713B71CDBDEDFB42064E /* Pods-colorbookUITests.debug.xcconfig */,
				1C5F6E6AC214DFD84985386E /* Pods-colorbookUITests.release.xcconfig */,
			);
			name = Pods;
			sourceTree = "<group>";
		};
		7A5AA7861D01CE0100558D26 /* FloodFill */ = {
			isa = PBXGroup;
			children = (
				7A5AA7901D01CE8700558D26 /* BridgeHeader.h */,
				7A5AA7891D01CE1C00558D26 /* LinkedListStack.h */,
				7A5AA78A1D01CE1C00558D26 /* LinkedListStack.m */,
				7A5AA78B1D01CE1C00558D26 /* UIImage+FloodFill.h */,
				7A5AA78C1D01CE1C00558D26 /* UIImage+FloodFill.m */,
			);
			name = FloodFill;
			sourceTree = "<group>";
		};
		7A5AA7911D01D43200558D26 /* Image */ = {
			isa = PBXGroup;
			children = (
				7A9F5A751D05C9DF00013425 /* butterfly.png */,
				7A9F5A761D05C9DF00013425 /* mandala.png */,
				7A23BA191D0C81D100E0FDDA /* tiger.png */,
				7A9F5A771D05C9DF00013425 /* owl.png */,
			);
			name = Image;
			sourceTree = "<group>";
		};
		7ABE61461D01ACD5009D9F01 = {
			isa = PBXGroup;
			children = (
				7ABE61511D01ACD5009D9F01 /* colorbook */,
				7ABE61691D01ACD5009D9F01 /* colorbookTests */,
				7ABE61741D01ACD5009D9F01 /* colorbookUITests */,
				7ABE61501D01ACD5009D9F01 /* Products */,
				5F2D75015C1D4D3FF7363291 /* Pods */,
				7FA813ED26BEA185F660BDB5 /* Frameworks */,
			);
			sourceTree = "<group>";
		};
		7ABE61501D01ACD5009D9F01 /* Products */ = {
			isa = PBXGroup;
			children = (
				7ABE614F1D01ACD5009D9F01 /* colorbook.app */,
				7ABE61661D01ACD5009D9F01 /* colorbookTests.xctest */,
				7ABE61711D01ACD5009D9F01 /* colorbookUITests.xctest */,
			);
			name = Products;
			sourceTree = "<group>";
		};
		7ABE61511D01ACD5009D9F01 /* colorbook */ = {
			isa = PBXGroup;
			children = (
				7A5AA7911D01D43200558D26 /* Image */,
				7A5AA7861D01CE0100558D26 /* FloodFill */,
				7ABE61521D01ACD5009D9F01 /* AppDelegate.swift */,
				7ABE61541D01ACD5009D9F01 /* ViewController.swift */,
				7ABE615C1D01ACD5009D9F01 /* Assets.xcassets */,
				7A5AA7941D01E37E00558D26 /* Main.storyboard */,
				7ABE615E1D01ACD5009D9F01 /* LaunchScreen.storyboard */,
				7ABE61611D01ACD5009D9F01 /* Info.plist */,
				7ABE61591D01ACD5009D9F01 /* colorbook.xcdatamodeld */,
				7A5AA7961D02183100558D26 /* UIColor.swift */,
				7A5AA79C1D02F1FD00558D26 /* ColorCollectionViewCell.swift */,
				7A7973CF1D0372D60055BFE2 /* FloodFillingImageView.swift */,
			);
			path = colorbook;
			sourceTree = "<group>";
		};
		7ABE61691D01ACD5009D9F01 /* colorbookTests */ = {
			isa = PBXGroup;
			children = (
				7ABE616A1D01ACD5009D9F01 /* colorbookTests.swift */,
				7ABE616C1D01ACD5009D9F01 /* Info.plist */,
			);
			path = colorbookTests;
			sourceTree = "<group>";
		};
		7ABE61741D01ACD5009D9F01 /* colorbookUITests */ = {
			isa = PBXGroup;
			children = (
				7ABE61751D01ACD5009D9F01 /* colorbookUITests.swift */,
				7ABE61771D01ACD5009D9F01 /* Info.plist */,
			);
			path = colorbookUITests;
			sourceTree = "<group>";
		};
		7FA813ED26BEA185F660BDB5 /* Frameworks */ = {
			isa = PBXGroup;
			children = (
				DF0EEA8694B63B6E08773BB3 /* Pods_colorbook.framework */,
				9C5D21D80131071B6B772882 /* Pods_colorbookTests.framework */,
				D4B9E4EDDBCDE4BF60E9F512 /* Pods_colorbookUITests.framework */,
			);
			name = Frameworks;
			sourceTree = "<group>";
		};
/* End PBXGroup section */

/* Begin PBXNativeTarget section */
		7ABE614E1D01ACD5009D9F01 /* colorbook */ = {
			isa = PBXNativeTarget;
			buildConfigurationList = 7ABE617A1D01ACD5009D9F01 /* Build configuration list for PBXNativeTarget "colorbook" */;
			buildPhases = (
				0967F67A7F593A58F845E9BD /* Check Pods Manifest.lock */,
				7ABE614B1D01ACD5009D9F01 /* Sources */,
				7ABE614C1D01ACD5009D9F01 /* Frameworks */,
				7ABE614D1D01ACD5009D9F01 /* Resources */,
				20110D942A2E1F3E9E494C8E /* Embed Pods Frameworks */,
				99D8D22F52C2F8B001ECECD3 /* Copy Pods Resources */,
			);
			buildRules = (
			);
			dependencies = (
			);
			name = colorbook;
			productName = colorbook;
			productReference = 7ABE614F1D01ACD5009D9F01 /* colorbook.app */;
			productType = "com.apple.product-type.application";
		};
		7ABE61651D01ACD5009D9F01 /* colorbookTests */ = {
			isa = PBXNativeTarget;
			buildConfigurationList = 7ABE617D1D01ACD5009D9F01 /* Build configuration list for PBXNativeTarget "colorbookTests" */;
			buildPhases = (
				15C0FDDC71E4674F2E675F7F /* Check Pods Manifest.lock */,
				7ABE61621D01ACD5009D9F01 /* Sources */,
				7ABE61631D01ACD5009D9F01 /* Frameworks */,
				7ABE61641D01ACD5009D9F01 /* Resources */,
				2A32FD97FCEB88787414B9A0 /* Embed Pods Frameworks */,
				EEED43F9AD2429A4834A588D /* Copy Pods Resources */,
			);
			buildRules = (
			);
			dependencies = (
				7ABE61681D01ACD5009D9F01 /* PBXTargetDependency */,
			);
			name = colorbookTests;
			productName = colorbookTests;
			productReference = 7ABE61661D01ACD5009D9F01 /* colorbookTests.xctest */;
			productType = "com.apple.product-type.bundle.unit-test";
		};
		7ABE61701D01ACD5009D9F01 /* colorbookUITests */ = {
			isa = PBXNativeTarget;
			buildConfigurationList = 7ABE61801D01ACD5009D9F01 /* Build configuration list for PBXNativeTarget "colorbookUITests" */;
			buildPhases = (
				9EFA5A02D95A6FA6A88935B0 /* Check Pods Manifest.lock */,
				7ABE616D1D01ACD5009D9F01 /* Sources */,
				7ABE616E1D01ACD5009D9F01 /* Frameworks */,
				7ABE616F1D01ACD5009D9F01 /* Resources */,
				EC21E9A2B5C4BFD45D77296B /* Copy Pods Resources */,
			);
			buildRules = (
			);
			dependencies = (
				7ABE61731D01ACD5009D9F01 /* PBXTargetDependency */,
			);
			name = colorbookUITests;
			productName = colorbookUITests;
			productReference = 7ABE61711D01ACD5009D9F01 /* colorbookUITests.xctest */;
			productType = "com.apple.product-type.bundle.ui-testing";
		};
/* End PBXNativeTarget section */

/* Begin PBXProject section */
		7ABE61471D01ACD5009D9F01 /* Project object */ = {
			isa = PBXProject;
			attributes = {
				LastSwiftUpdateCheck = 0720;
				LastUpgradeCheck = 0830;
				ORGANIZATIONNAME = "Shabeeb Hasan";
				TargetAttributes = {
					7ABE614E1D01ACD5009D9F01 = {
						CreatedOnToolsVersion = 7.2;
						DevelopmentTeam = 6RGMRH6CY9;
						LastSwiftMigration = 0830;
						ProvisioningStyle = Automatic;
					};
					7ABE61651D01ACD5009D9F01 = {
						CreatedOnToolsVersion = 7.2;
						LastSwiftMigration = 0830;
						TestTargetID = 7ABE614E1D01ACD5009D9F01;
					};
					7ABE61701D01ACD5009D9F01 = {
						CreatedOnToolsVersion = 7.2;
						LastSwiftMigration = 0830;
						TestTargetID = 7ABE614E1D01ACD5009D9F01;
					};
				};
			};
			buildConfigurationList = 7ABE614A1D01ACD5009D9F01 /* Build configuration list for PBXProject "colorbook" */;
			compatibilityVersion = "Xcode 3.2";
			developmentRegion = English;
			hasScannedForEncodings = 0;
			knownRegions = (
				English,
				en,
				Base,
			);
			mainGroup = 7ABE61461D01ACD5009D9F01;
			productRefGroup = 7ABE61501D01ACD5009D9F01 /* Products */;
			projectDirPath = "";
			projectRoot = "";
			targets = (
				7ABE614E1D01ACD5009D9F01 /* colorbook */,
				7ABE61651D01ACD5009D9F01 /* colorbookTests */,
				7ABE61701D01ACD5009D9F01 /* colorbookUITests */,
			);
		};
/* End PBXProject section */

/* Begin PBXResourcesBuildPhase section */
		7ABE614D1D01ACD5009D9F01 /* Resources */ = {
			isa = PBXResourcesBuildPhase;
			buildActionMask = 2147483647;
			files = (
				7A9F5A7B1D05C9DF00013425 /* owl.png in Resources */,
				7ABE61601D01ACD5009D9F01 /* LaunchScreen.storyboard in Resources */,
				7A9F5A791D05C9DF00013425 /* butterfly.png in Resources */,
				7A23BA1A1D0C81D100E0FDDA /* tiger.png in Resources */,
				7A5AA7951D01E37E00558D26 /* Main.storyboard in Resources */,
				7ABE615D1D01ACD5009D9F01 /* Assets.xcassets in Resources */,
				7A9F5A7A1D05C9DF00013425 /* mandala.png in Resources */,
			);
			runOnlyForDeploymentPostprocessing = 0;
		};
		7ABE61641D01ACD5009D9F01 /* Resources */ = {
			isa = PBXResourcesBuildPhase;
			buildActionMask = 2147483647;
			files = (
			);
			runOnlyForDeploymentPostprocessing = 0;
		};
		7ABE616F1D01ACD5009D9F01 /* Resources */ = {
			isa = PBXResourcesBuildPhase;
			buildActionMask = 2147483647;
			files = (
			);
			runOnlyForDeploymentPostprocessing = 0;
		};
/* End PBXResourcesBuildPhase section */

/* Begin PBXShellScriptBuildPhase section */
		0967F67A7F593A58F845E9BD /* Check Pods Manifest.lock */ = {
			isa = PBXShellScriptBuildPhase;
			buildActionMask = 2147483647;
			files = (
			);
			inputPaths = (
			);
			name = "Check Pods Manifest.lock";
			outputPaths = (
			);
			runOnlyForDeploymentPostprocessing = 0;
			shellPath = /bin/sh;
			shellScript = "diff \"${PODS_ROOT}/../Podfile.lock\" \"${PODS_ROOT}/Manifest.lock\" > /dev/null\nif [[ $? != 0 ]] ; then\n    cat << EOM\nerror: The sandbox is not in sync with the Podfile.lock. Run 'pod install' or update your CocoaPods installation.\nEOM\n    exit 1\nfi\n";
			showEnvVarsInLog = 0;
		};
		15C0FDDC71E4674F2E675F7F /* Check Pods Manifest.lock */ = {
			isa = PBXShellScriptBuildPhase;
			buildActionMask = 2147483647;
			files = (
			);
			inputPaths = (
			);
			name = "Check Pods Manifest.lock";
			outputPaths = (
			);
			runOnlyForDeploymentPostprocessing = 0;
			shellPath = /bin/sh;
			shellScript = "diff \"${PODS_ROOT}/../Podfile.lock\" \"${PODS_ROOT}/Manifest.lock\" > /dev/null\nif [[ $? != 0 ]] ; then\n    cat << EOM\nerror: The sandbox is not in sync with the Podfile.lock. Run 'pod install' or update your CocoaPods installation.\nEOM\n    exit 1\nfi\n";
			showEnvVarsInLog = 0;
		};
		20110D942A2E1F3E9E494C8E /* Embed Pods Frameworks */ = {
			isa = PBXShellScriptBuildPhase;
			buildActionMask = 2147483647;
			files = (
			);
			inputPaths = (
			);
			name = "Embed Pods Frameworks";
			outputPaths = (
			);
			runOnlyForDeploymentPostprocessing = 0;
			shellPath = /bin/sh;
			shellScript = "\"${SRCROOT}/Pods/Target Support Files/Pods-colorbook/Pods-colorbook-frameworks.sh\"\n";
			showEnvVarsInLog = 0;
		};
		2A32FD97FCEB88787414B9A0 /* Embed Pods Frameworks */ = {
			isa = PBXShellScriptBuildPhase;
			buildActionMask = 2147483647;
			files = (
			);
			inputPaths = (
			);
			name = "Embed Pods Frameworks";
			outputPaths = (
			);
			runOnlyForDeploymentPostprocessing = 0;
			shellPath = /bin/sh;
			shellScript = "\"${SRCROOT}/Pods/Target Support Files/Pods-colorbookTests/Pods-colorbookTests-frameworks.sh\"\n";
			showEnvVarsInLog = 0;
		};
		99D8D22F52C2F8B001ECECD3 /* Copy Pods Resources */ = {
			isa = PBXShellScriptBuildPhase;
			buildActionMask = 2147483647;
			files = (
			);
			inputPaths = (
			);
			name = "Copy Pods Resources";
			outputPaths = (
			);
			runOnlyForDeploymentPostprocessing = 0;
			shellPath = /bin/sh;
			shellScript = "\"${SRCROOT}/Pods/Target Support Files/Pods-colorbook/Pods-colorbook-resources.sh\"\n";
			showEnvVarsInLog = 0;
		};
		9EFA5A02D95A6FA6A88935B0 /* Check Pods Manifest.lock */ = {
			isa = PBXShellScriptBuildPhase;
			buildActionMask = 2147483647;
			files = (
			);
			inputPaths = (
			);
			name = "Check Pods Manifest.lock";
			outputPaths = (
			);
			runOnlyForDeploymentPostprocessing = 0;
			shellPath = /bin/sh;
			shellScript = "diff \"${PODS_ROOT}/../Podfile.lock\" \"${PODS_ROOT}/Manifest.lock\" > /dev/null\nif [[ $? != 0 ]] ; then\n    cat << EOM\nerror: The sandbox is not in sync with the Podfile.lock. Run 'pod install' or update your CocoaPods installation.\nEOM\n    exit 1\nfi\n";
			showEnvVarsInLog = 0;
		};
		EC21E9A2B5C4BFD45D77296B /* Copy Pods Resources */ = {
			isa = PBXShellScriptBuildPhase;
			buildActionMask = 2147483647;
			files = (
			);
			inputPaths = (
			);
			name = "Copy Pods Resources";
			outputPaths = (
			);
			runOnlyForDeploymentPostprocessing = 0;
			shellPath = /bin/sh;
			shellScript = "\"${SRCROOT}/Pods/Target Support Files/Pods-colorbookUITests/Pods-colorbookUITests-resources.sh\"\n";
			showEnvVarsInLog = 0;
		};
		EEED43F9AD2429A4834A588D /* Copy Pods Resources */ = {
			isa = PBXShellScriptBuildPhase;
			buildActionMask = 2147483647;
			files = (
			);
			inputPaths = (
			);
			name = "Copy Pods Resources";
			outputPaths = (
			);
			runOnlyForDeploymentPostprocessing = 0;
			shellPath = /bin/sh;
			shellScript = "\"${SRCROOT}/Pods/Target Support Files/Pods-colorbookTests/Pods-colorbookTests-resources.sh\"\n";
			showEnvVarsInLog = 0;
		};
/* End PBXShellScriptBuildPhase section */

/* Begin PBXSourcesBuildPhase section */
		7ABE614B1D01ACD5009D9F01 /* Sources */ = {
			isa = PBXSourcesBuildPhase;
			buildActionMask = 2147483647;
			files = (
				7A5AA7971D02183100558D26 /* UIColor.swift in Sources */,
				7A7973D01D0372D60055BFE2 /* FloodFillingImageView.swift in Sources */,
				7ABE615B1D01ACD5009D9F01 /* colorbook.xcdatamodeld in Sources */,
				7A5AA78E1D01CE1C00558D26 /* LinkedListStack.m in Sources */,
				7A5AA78F1D01CE1C00558D26 /* UIImage+FloodFill.m in Sources */,
				7A5AA79D1D02F1FD00558D26 /* ColorCollectionViewCell.swift in Sources */,
				7ABE61551D01ACD5009D9F01 /* ViewController.swift in Sources */,
				7ABE61531D01ACD5009D9F01 /* AppDelegate.swift in Sources */,
			);
			runOnlyForDeploymentPostprocessing = 0;
		};
		7ABE61621D01ACD5009D9F01 /* Sources */ = {
			isa = PBXSourcesBuildPhase;
			buildActionMask = 2147483647;
			files = (
				7ABE616B1D01ACD5009D9F01 /* colorbookTests.swift in Sources */,
			);
			runOnlyForDeploymentPostprocessing = 0;
		};
		7ABE616D1D01ACD5009D9F01 /* Sources */ = {
			isa = PBXSourcesBuildPhase;
			buildActionMask = 2147483647;
			files = (
				7ABE61761D01ACD5009D9F01 /* colorbookUITests.swift in Sources */,
			);
			runOnlyForDeploymentPostprocessing = 0;
		};
/* End PBXSourcesBuildPhase section */

/* Begin PBXTargetDependency section */
		7ABE61681D01ACD5009D9F01 /* PBXTargetDependency */ = {
			isa = PBXTargetDependency;
			target = 7ABE614E1D01ACD5009D9F01 /* colorbook */;
			targetProxy = 7ABE61671D01ACD5009D9F01 /* PBXContainerItemProxy */;
		};
		7ABE61731D01ACD5009D9F01 /* PBXTargetDependency */ = {
			isa = PBXTargetDependency;
			target = 7ABE614E1D01ACD5009D9F01 /* colorbook */;
			targetProxy = 7ABE61721D01ACD5009D9F01 /* PBXContainerItemProxy */;
		};
/* End PBXTargetDependency section */

/* Begin PBXVariantGroup section */
		7ABE615E1D01ACD5009D9F01 /* LaunchScreen.storyboard */ = {
			isa = PBXVariantGroup;
			children = (
				7ABE615F1D01ACD5009D9F01 /* Base */,
			);
			name = LaunchScreen.storyboard;
			sourceTree = "<group>";
		};
/* End PBXVariantGroup section */

/* Begin XCBuildConfiguration section */
		7ABE61781D01ACD5009D9F01 /* Debug */ = {
			isa = XCBuildConfiguration;
			buildSettings = {
				ALWAYS_SEARCH_USER_PATHS = NO;
				CLANG_CXX_LANGUAGE_STANDARD = "gnu++0x";
				CLANG_CXX_LIBRARY = "libc++";
				CLANG_ENABLE_MODULES = YES;
				CLANG_ENABLE_OBJC_ARC = YES;
				CLANG_WARN_BOOL_CONVERSION = YES;
				CLANG_WARN_CONSTANT_CONVERSION = YES;
				CLANG_WARN_DIRECT_OBJC_ISA_USAGE = YES_ERROR;
				CLANG_WARN_EMPTY_BODY = YES;
				CLANG_WARN_ENUM_CONVERSION = YES;
				CLANG_WARN_INFINITE_RECURSION = YES;
				CLANG_WARN_INT_CONVERSION = YES;
				CLANG_WARN_OBJC_ROOT_CLASS = YES_ERROR;
				CLANG_WARN_SUSPICIOUS_MOVE = YES;
				CLANG_WARN_UNREACHABLE_CODE = YES;
				CLANG_WARN__DUPLICATE_METHOD_MATCH = YES;
				"CODE_SIGN_IDENTITY[sdk=iphoneos*]" = "iPhone Developer";
				COPY_PHASE_STRIP = NO;
				DEBUG_INFORMATION_FORMAT = dwarf;
				ENABLE_STRICT_OBJC_MSGSEND = YES;
				ENABLE_TESTABILITY = YES;
				GCC_C_LANGUAGE_STANDARD = gnu99;
				GCC_DYNAMIC_NO_PIC = NO;
				GCC_NO_COMMON_BLOCKS = YES;
				GCC_OPTIMIZATION_LEVEL = 0;
				GCC_PREPROCESSOR_DEFINITIONS = (
					"DEBUG=1",
					"$(inherited)",
				);
				GCC_WARN_64_TO_32_BIT_CONVERSION = YES;
				GCC_WARN_ABOUT_RETURN_TYPE = YES_ERROR;
				GCC_WARN_UNDECLARED_SELECTOR = YES;
				GCC_WARN_UNINITIALIZED_AUTOS = YES_AGGRESSIVE;
				GCC_WARN_UNUSED_FUNCTION = YES;
				GCC_WARN_UNUSED_VARIABLE = YES;
				IPHONEOS_DEPLOYMENT_TARGET = 9.2;
				MTL_ENABLE_DEBUG_INFO = YES;
				ONLY_ACTIVE_ARCH = YES;
				SDKROOT = iphoneos;
				SWIFT_OPTIMIZATION_LEVEL = "-Onone";
				TARGETED_DEVICE_FAMILY = "1,2";
			};
			name = Debug;
		};
		7ABE61791D01ACD5009D9F01 /* Release */ = {
			isa = XCBuildConfiguration;
			buildSettings = {
				ALWAYS_SEARCH_USER_PATHS = NO;
				CLANG_CXX_LANGUAGE_STANDARD = "gnu++0x";
				CLANG_CXX_LIBRARY = "libc++";
				CLANG_ENABLE_MODULES = YES;
				CLANG_ENABLE_OBJC_ARC = YES;
				CLANG_WARN_BOOL_CONVERSION = YES;
				CLANG_WARN_CONSTANT_CONVERSION = YES;
				CLANG_WARN_DIRECT_OBJC_ISA_USAGE = YES_ERROR;
				CLANG_WARN_EMPTY_BODY = YES;
				CLANG_WARN_ENUM_CONVERSION = YES;
				CLANG_WARN_INFINITE_RECURSION = YES;
				CLANG_WARN_INT_CONVERSION = YES;
				CLANG_WARN_OBJC_ROOT_CLASS = YES_ERROR;
				CLANG_WARN_SUSPICIOUS_MOVE = YES;
				CLANG_WARN_UNREACHABLE_CODE = YES;
				CLANG_WARN__DUPLICATE_METHOD_MATCH = YES;
				"CODE_SIGN_IDENTITY[sdk=iphoneos*]" = "iPhone Developer";
				COPY_PHASE_STRIP = NO;
				DEBUG_INFORMATION_FORMAT = "dwarf-with-dsym";
				ENABLE_NS_ASSERTIONS = NO;
				ENABLE_STRICT_OBJC_MSGSEND = YES;
				GCC_C_LANGUAGE_STANDARD = gnu99;
				GCC_NO_COMMON_BLOCKS = YES;
				GCC_WARN_64_TO_32_BIT_CONVERSION = YES;
				GCC_WARN_ABOUT_RETURN_TYPE = YES_ERROR;
				GCC_WARN_UNDECLARED_SELECTOR = YES;
				GCC_WARN_UNINITIALIZED_AUTOS = YES_AGGRESSIVE;
				GCC_WARN_UNUSED_FUNCTION = YES;
				GCC_WARN_UNUSED_VARIABLE = YES;
				IPHONEOS_DEPLOYMENT_TARGET = 9.2;
				MTL_ENABLE_DEBUG_INFO = NO;
				SDKROOT = iphoneos;
				SWIFT_OPTIMIZATION_LEVEL = "-Owholemodule";
				TARGETED_DEVICE_FAMILY = "1,2";
				VALIDATE_PRODUCT = YES;
			};
			name = Release;
		};
		7ABE617B1D01ACD5009D9F01 /* Debug */ = {
			isa = XCBuildConfiguration;
			baseConfigurationReference = 0A694CEF34E67FEEA4E8B7CA /* Pods-colorbook.debug.xcconfig */;
			buildSettings = {
				ASSETCATALOG_COMPILER_APPICON_NAME = AppIcon;
				CLANG_ENABLE_OBJC_ARC = YES;
				CODE_SIGN_IDENTITY = "iPhone Distribution: iotaSquare (4YY6X5ZL94)";
				"CODE_SIGN_IDENTITY[sdk=iphoneos*]" = "iPhone Developer";
				DEVELOPMENT_TEAM = 6RGMRH6CY9;
				INFOPLIST_FILE = colorbook/Info.plist;
				IPHONEOS_DEPLOYMENT_TARGET = 9.1;
				LD_RUNPATH_SEARCH_PATHS = "$(inherited) @executable_path/Frameworks";
				PRODUCT_BUNDLE_IDENTIFIER = com.isqr.colorbook;
				PRODUCT_NAME = "$(TARGET_NAME)";
				PROVISIONING_PROFILE = "";
				PROVISIONING_PROFILE_SPECIFIER = "";
				SWIFT_OBJC_BRIDGING_HEADER = /Users/shabeeb/Desktop/colorbook/colorbook/BridgeHeader.h;
				SWIFT_VERSION = 5.0;
				TARGETED_DEVICE_FAMILY = "1,2";
			};
			name = Debug;
		};
		7ABE617C1D01ACD5009D9F01 /* Release */ = {
			isa = XCBuildConfiguration;
			baseConfigurationReference = 6DEA9DDCB8B408DD530FC60C /* Pods-colorbook.release.xcconfig */;
			buildSettings = {
				ASSETCATALOG_COMPILER_APPICON_NAME = AppIcon;
				CLANG_ENABLE_OBJC_ARC = YES;
				CODE_SIGN_IDENTITY = "iPhone Distribution: iotaSquare (4YY6X5ZL94)";
				"CODE_SIGN_IDENTITY[sdk=iphoneos*]" = "iPhone Developer";
				DEVELOPMENT_TEAM = "";
				INFOPLIST_FILE = colorbook/Info.plist;
				IPHONEOS_DEPLOYMENT_TARGET = 9.1;
				LD_RUNPATH_SEARCH_PATHS = "$(inherited) @executable_path/Frameworks";
				PRODUCT_BUNDLE_IDENTIFIER = com.isqr.colorbook;
				PRODUCT_NAME = "$(TARGET_NAME)";
				PROVISIONING_PROFILE = "";
				PROVISIONING_PROFILE_SPECIFIER = "";
				SWIFT_OBJC_BRIDGING_HEADER = /Users/shabeeb/Desktop/colorbook/colorbook/BridgeHeader.h;
				SWIFT_VERSION = 5.0;
				TARGETED_DEVICE_FAMILY = "1,2";
			};
			name = Release;
		};
		7ABE617E1D01ACD5009D9F01 /* Debug */ = {
			isa = XCBuildConfiguration;
			baseConfigurationReference = F412F69E24A183090F38198C /* Pods-colorbookTests.debug.xcconfig */;
			buildSettings = {
				BUNDLE_LOADER = "$(TEST_HOST)";
				INFOPLIST_FILE = colorbookTests/Info.plist;
				LD_RUNPATH_SEARCH_PATHS = "$(inherited) @executable_path/Frameworks @loader_path/Frameworks";
				PRODUCT_BUNDLE_IDENTIFIER = com.iotasqr.colorbookTests;
				PRODUCT_NAME = "$(TARGET_NAME)";
				SWIFT_VERSION = 3.0;
				TEST_HOST = "$(BUILT_PRODUCTS_DIR)/colorbook.app/colorbook";
			};
			name = Debug;
		};
		7ABE617F1D01ACD5009D9F01 /* Release */ = {
			isa = XCBuildConfiguration;
			baseConfigurationReference = DB3AB8C27E2895F296355E3F /* Pods-colorbookTests.release.xcconfig */;
			buildSettings = {
				BUNDLE_LOADER = "$(TEST_HOST)";
				INFOPLIST_FILE = colorbookTests/Info.plist;
				LD_RUNPATH_SEARCH_PATHS = "$(inherited) @executable_path/Frameworks @loader_path/Frameworks";
				PRODUCT_BUNDLE_IDENTIFIER = com.iotasqr.colorbookTests;
				PRODUCT_NAME = "$(TARGET_NAME)";
				SWIFT_VERSION = 3.0;
				TEST_HOST = "$(BUILT_PRODUCTS_DIR)/colorbook.app/colorbook";
			};
			name = Release;
		};
		7ABE61811D01ACD5009D9F01 /* Debug */ = {
			isa = XCBuildConfiguration;
			baseConfigurationReference = 0E57713B71CDBDEDFB42064E /* Pods-colorbookUITests.debug.xcconfig */;
			buildSettings = {
				INFOPLIST_FILE = colorbookUITests/Info.plist;
				LD_RUNPATH_SEARCH_PATHS = "$(inherited) @executable_path/Frameworks @loader_path/Frameworks";
				PRODUCT_BUNDLE_IDENTIFIER = com.iotasqr.colorbookUITests;
				PRODUCT_NAME = "$(TARGET_NAME)";
				SWIFT_VERSION = 3.0;
				TEST_TARGET_NAME = colorbook;
				USES_XCTRUNNER = YES;
			};
			name = Debug;
		};
		7ABE61821D01ACD5009D9F01 /* Release */ = {
			isa = XCBuildConfiguration;
			baseConfigurationReference = 1C5F6E6AC214DFD84985386E /* Pods-colorbookUITests.release.xcconfig */;
			buildSettings = {
				INFOPLIST_FILE = colorbookUITests/Info.plist;
				LD_RUNPATH_SEARCH_PATHS = "$(inherited) @executable_path/Frameworks @loader_path/Frameworks";
				PRODUCT_BUNDLE_IDENTIFIER = com.iotasqr.colorbookUITests;
				PRODUCT_NAME = "$(TARGET_NAME)";
				SWIFT_VERSION = 3.0;
				TEST_TARGET_NAME = colorbook;
				USES_XCTRUNNER = YES;
			};
			name = Release;
		};
/* End XCBuildConfiguration section */

/* Begin XCConfigurationList section */
		7ABE614A1D01ACD5009D9F01 /* Build configuration list for PBXProject "colorbook" */ = {
			isa = XCConfigurationList;
			buildConfigurations = (
				7ABE61781D01ACD5009D9F01 /* Debug */,
				7ABE61791D01ACD5009D9F01 /* Release */,
			);
			defaultConfigurationIsVisible = 0;
			defaultConfigurationName = Release;
		};
		7ABE617A1D01ACD5009D9F01 /* Build configuration list for PBXNativeTarget "colorbook" */ = {
			isa = XCConfigurationList;
			buildConfigurations = (
				7ABE617B1D01ACD5009D9F01 /* Debug */,
				7ABE617C1D01ACD5009D9F01 /* Release */,
			);
			defaultConfigurationIsVisible = 0;
			defaultConfigurationName = Release;
		};
		7ABE617D1D01ACD5009D9F01 /* Build configuration list for PBXNativeTarget "colorbookTests" */ = {
			isa = XCConfigurationList;
			buildConfigurations = (
				7ABE617E1D01ACD5009D9F01 /* Debug */,
				7ABE617F1D01ACD5009D9F01 /* Release */,
			);
			defaultConfigurationIsVisible = 0;
			defaultConfigurationName = Release;
		};
		7ABE61801D01ACD5009D9F01 /* Build configuration list for PBXNativeTarget "colorbookUITests" */ = {
			isa = XCConfigurationList;
			buildConfigurations = (
				7ABE61811D01ACD5009D9F01 /* Debug */,
				7ABE61821D01ACD5009D9F01 /* Release */,
			);
			defaultConfigurationIsVisible = 0;
			defaultConfigurationName = Release;
		};
/* End XCConfigurationList section */

/* Begin XCVersionGroup section */
		7ABE61591D01ACD5009D9F01 /* colorbook.xcdatamodeld */ = {
			isa = XCVersionGroup;
			children = (
				7ABE615A1D01ACD5009D9F01 /* colorbook.xcdatamodel */,
			);
			currentVersion = 7ABE615A1D01ACD5009D9F01 /* colorbook.xcdatamodel */;
			path = colorbook.xcdatamodeld;
			sourceTree = "<group>";
			versionGroupType = wrapper.xcdatamodel;
		};
/* End XCVersionGroup section */
	};
	rootObject = 7ABE61471D01ACD5009D9F01 /* Project object */;
}
